
Microsoft Visual Studio Solution File, Format Version 12.00
# Visual Studio 2012
Project("{8BC9CEB8-8B4A-11D0-8D11-00A0C91BC942}") = "String", "String\String.vcxproj", "{B67DBF33-F78F-4373-8E82-AB42CEAFAF7D}"
EndProject
Project("{8BC9CEB8-8B4A-11D0-8D11-00A0C91BC942}") = "Vectors", "..\Vectors\Vectors\Vectors.vcxproj", "{B0C6EF74-8398-4D69-BDDB-CCFC7A09B6D5}"
EndProject
Project("{8BC9CEB8-8B4A-11D0-8D11-00A0C91BC942}") = "ComplexNumbers", "..\ComplexNumbers\ComplexNumbers\ComplexNumbers.vcxproj", "{37CA47F8-C5E6-4717-B0A3-8692498524E9}"
EndProject
Global
	GlobalSection(SolutionConfigurationPlatforms) = preSolution
		Debug|Win32 = Debug|Win32
		Release|Win32 = Release|Win32
	EndGlobalSection
	GlobalSection(ProjectConfigurationPlatforms) = postSolution
		{B67DBF33-F78F-4373-8E82-AB42CEAFAF7D}.Debug|Win32.ActiveCfg = Debug|Win32
		{B67DBF33-F78F-4373-8E82-AB42CEAFAF7D}.Debug|Win32.Build.0 = Debug|Win32
		{B67DBF33-F78F-4373-8E82-AB42CEAFAF7D}.Release|Win32.ActiveCfg = Release|Win32
		{B67DBF33-F78F-4373-8E82-AB42CEAFAF7D}.Release|Win32.Build.0 = Release|Win32
		{B0C6EF74-8398-4D69-BDDB-CCFC7A09B6D5}.Debug|Win32.ActiveCfg = Debug|Win32
		{B0C6EF74-8398-4D69-BDDB-CCFC7A09B6D5}.Debug|Win32.Build.0 = Debug|Win32
		{B0C6EF74-8398-4D69-BDDB-CCFC7A09B6D5}.Release|Win32.ActiveCfg = Release|Win32
		{B0C6EF74-8398-4D69-BDDB-CCFC7A09B6D5}.Release|Win32.Build.0 = Release|Win32
		{37CA47F8-C5E6-4717-B0A3-8692498524E9}.Debug|Win32.ActiveCfg = Debug|Win32
		{37CA47F8-C5E6-4717-B0A3-8692498524E9}.Debug|Win32.Build.0 = Debug|Win32
		{37CA47F8-C5E6-4717-B0A3-8692498524E9}.Release|Win32.ActiveCfg = Release|Win32
		{37CA47F8-C5E6-4717-B0A3-8692498524E9}.Release|Win32.Build.0 = Release|Win32
	EndGlobalSection
	GlobalSection(SolutionProperties) = preSolution
		HideSolutionNode = FALSE
	EndGlobalSection
EndGlobal
